
Microsoft Visual Studio Solution File, Format Version 12.00
# Visual Studio Version 17
VisualStudioVersion = 17.11.35327.3
MinimumVisualStudioVersion = 10.0.40219.1
Project("{8BC9CEB8-8B4A-11D0-8D11-00A0C91BC942}") = "triengine", "triengine\triengine.vcxproj", "{718D7ECD-C9B3-4D25-9234-D5115FD7CC0D}"
EndProject
Project("{2150E333-8FDC-42A3-9474-1A3956D46DE8}") = "examples", "examples", "{5FC62D7A-883E-4DD1-B360-C9C34B66C40C}"
EndProject
Project("{8BC9CEB8-8B4A-11D0-8D11-00A0C91BC942}") = "common-includes", "examples\common-includes\common-includes.vcxitems", "{51863CC4-3B3D-484B-8800-93955FB0E14C}"
EndProject
Project("{8BC9CEB8-8B4A-11D0-8D11-00A0C91BC942}") = "example-bvh", "examples\example-bvh\example-bvh.vcxproj", "{3050D30F-DF32-47BB-BF03-10B7BD614B4B}"
	ProjectSection(ProjectDependencies) = postProject
		{718D7ECD-C9B3-4D25-9234-D5115FD7CC0D} = {718D7ECD-C9B3-4D25-9234-D5115FD7CC0D}
	EndProjectSection
EndProject
Project("{8BC9CEB8-8B4A-11D0-8D11-00A0C91BC942}") = "example-offscreen", "examples\example-offscreen\example-offscreen.vcxproj", "{B5D5DF80-C9DB-4E01-92B0-4D4668139F74}"
	ProjectSection(ProjectDependencies) = postProject
		{718D7ECD-C9B3-4D25-9234-D5115FD7CC0D} = {718D7ECD-C9B3-4D25-9234-D5115FD7CC0D}
	EndProjectSection
EndProject
Global
	GlobalSection(SolutionConfigurationPlatforms) = preSolution
		Debug|x64 = Debug|x64
		Debug|x86 = Debug|x86
		Release|x64 = Release|x64
		Release|x86 = Release|x86
	EndGlobalSection
	GlobalSection(ProjectConfigurationPlatforms) = postSolution
		{718D7ECD-C9B3-4D25-9234-D5115FD7CC0D}.Debug|x64.ActiveCfg = Debug|x64
		{718D7ECD-C9B3-4D25-9234-D5115FD7CC0D}.Debug|x64.Build.0 = Debug|x64
		{718D7ECD-C9B3-4D25-9234-D5115FD7CC0D}.Debug|x86.ActiveCfg = Debug|Win32
		{718D7ECD-C9B3-4D25-9234-D5115FD7CC0D}.Debug|x86.Build.0 = Debug|Win32
		{718D7ECD-C9B3-4D25-9234-D5115FD7CC0D}.Release|x64.ActiveCfg = Release|x64
		{718D7ECD-C9B3-4D25-9234-D5115FD7CC0D}.Release|x64.Build.0 = Release|x64
		{718D7ECD-C9B3-4D25-9234-D5115FD7CC0D}.Release|x86.ActiveCfg = Release|Win32
		{718D7ECD-C9B3-4D25-9234-D5115FD7CC0D}.Release|x86.Build.0 = Release|Win32
		{3050D30F-DF32-47BB-BF03-10B7BD614B4B}.Debug|x64.ActiveCfg = Debug|x64
		{3050D30F-DF32-47BB-BF03-10B7BD614B4B}.Debug|x64.Build.0 = Debug|x64
		{3050D30F-DF32-47BB-BF03-10B7BD614B4B}.Debug|x86.ActiveCfg = Debug|Win32
		{3050D30F-DF32-47BB-BF03-10B7BD614B4B}.Debug|x86.Build.0 = Debug|Win32
		{3050D30F-DF32-47BB-BF03-10B7BD614B4B}.Release|x64.ActiveCfg = Release|x64
		{3050D30F-DF32-47BB-BF03-10B7BD614B4B}.Release|x64.Build.0 = Release|x64
		{3050D30F-DF32-47BB-BF03-10B7BD614B4B}.Release|x86.ActiveCfg = Release|Win32
		{3050D30F-DF32-47BB-BF03-10B7BD614B4B}.Release|x86.Build.0 = Release|Win32
		{B5D5DF80-C9DB-4E01-92B0-4D4668139F74}.Debug|x64.ActiveCfg = Debug|x64
		{B5D5DF80-C9DB-4E01-92B0-4D4668139F74}.Debug|x64.Build.0 = Debug|x64
		{B5D5DF80-C9DB-4E01-92B0-4D4668139F74}.Debug|x86.ActiveCfg = Debug|Win32
		{B5D5DF80-C9DB-4E01-92B0-4D4668139F74}.Debug|x86.Build.0 = Debug|Win32
		{B5D5DF80-C9DB-4E01-92B0-4D4668139F74}.Release|x64.ActiveCfg = Release|x64
		{B5D5DF80-C9DB-4E01-92B0-4D4668139F74}.Release|x64.Build.0 = Release|x64
		{B5D5DF80-C9DB-4E01-92B0-4D4668139F74}.Release|x86.ActiveCfg = Release|Win32
		{B5D5DF80-C9DB-4E01-92B0-4D4668139F74}.Release|x86.Build.0 = Release|Win32
	EndGlobalSection
	GlobalSection(SolutionProperties) = preSolution
		HideSolutionNode = FALSE
	EndGlobalSection
	GlobalSection(NestedProjects) = preSolution
		{51863CC4-3B3D-484B-8800-93955FB0E14C} = {5FC62D7A-883E-4DD1-B360-C9C34B66C40C}
		{3050D30F-DF32-47BB-BF03-10B7BD614B4B} = {5FC62D7A-883E-4DD1-B360-C9C34B66C40C}
		{B5D5DF80-C9DB-4E01-92B0-4D4668139F74} = {5FC62D7A-883E-4DD1-B360-C9C34B66C40C}
	EndGlobalSection
	GlobalSection(ExtensibilityGlobals) = postSolution
		SolutionGuid = {92D87DC7-519F-42BA-AE6B-C6D4726DCEB5}
	EndGlobalSection
EndGlobal
