<?xml version="1.0" encoding="utf-8"?>
<Project ToolsVersion="4.0" xmlns="http://schemas.microsoft.com/developer/msbuild/2003">
  <ItemGroup>
    <Filter Include="Source Files">
      <UniqueIdentifier>{4FC737F1-C7A5-4376-A066-2A32D752A2FF}</UniqueIdentifier>
      <Extensions>cpp;c;cc;cxx;c++;cppm;ixx;def;odl;idl;hpj;bat;asm;asmx</Extensions>
    </Filter>
    <Filter Include="Header Files">
      <UniqueIdentifier>{93995380-89BD-4b04-88EB-625FBE52EBFB}</UniqueIdentifier>
      <Extensions>h;hh;hpp;hxx;h++;hm;inl;inc;ipp;xsd</Extensions>
    </Filter>
    <Filter Include="Resource Files">
      <UniqueIdentifier>{67DA6AB6-F800-4c08-8B7A-83BB121AAD01}</UniqueIdentifier>
      <Extensions>rc;ico;cur;bmp;dlg;rc2;rct;bin;rgs;gif;jpg;jpeg;jpe;resx;tiff;tif;png;wav;mfcribbon-ms</Extensions>
    </Filter>
  </ItemGroup>
  <ItemGroup>
    <ClCompile Include="src\camera.cc">
      <Filter>Source Files</Filter>
    </ClCompile>
    <ClCompile Include="src\renderer\light_source_renderer.cc">
      <Filter>Source Files</Filter>
    </ClCompile>
    <ClCompile Include="src\renderer\lineset_renderer.cc">
      <Filter>Source Files</Filter>
    </ClCompile>
    <ClCompile Include="src\renderer\pcd_renderer.cc">
      <Filter>Source Files</Filter>
    </ClCompile>
    <ClCompile Include="src\renderer\skeleton_renderer.cc">
      <Filter>Source Files</Filter>
    </ClCompile>
    <ClCompile Include="src\renderer\triangle_mesh_renderer.cc">
      <Filter>Source Files</Filter>
    </ClCompile>
    <ClCompile Include="src\extern\glad\glad.c">
      <Filter>Source Files</Filter>
    </ClCompile>
    <ClCompile Include="src\texture.cc">
      <Filter>Source Files</Filter>
    </ClCompile>
    <ClCompile Include="src\geometry\light_source_object.cc">
      <Filter>Source Files</Filter>
    </ClCompile>
    <ClCompile Include="src\geometry\lineset_object.cc">
      <Filter>Source Files</Filter>
    </ClCompile>
    <ClCompile Include="src\geometry\pcd_object.cc">
      <Filter>Source Files</Filter>
    </ClCompile>
    <ClCompile Include="src\geometry\skeleton_object.cc">
      <Filter>Source Files</Filter>
    </ClCompile>
    <ClCompile Include="src\geometry\triangle_mesh_object.cc">
      <Filter>Source Files</Filter>
    </ClCompile>
    <ClCompile Include="src\misc\debug_utils.cc">
      <Filter>Source Files</Filter>
    </ClCompile>
    <ClCompile Include="src\misc\gl_utils.cc">
      <Filter>Source Files</Filter>
    </ClCompile>
    <ClCompile Include="src\io\file_obj_loader.cc">
      <Filter>Source Files</Filter>
    </ClCompile>
    <ClCompile Include="src\geometry\triangle_mesh_object_factory.cc">
      <Filter>Source Files</Filter>
    </ClCompile>
    <ClCompile Include="src\io\file_bvh_loader.cc">
      <Filter>Source Files</Filter>
    </ClCompile>
    <ClCompile Include="src\frame_buffer.cc">
      <Filter>Source Files</Filter>
    </ClCompile>
    <ClCompile Include="src\gui\gui_manager.cc">
      <Filter>Source Files</Filter>
    </ClCompile>
    <ClCompile Include="src\extern\fonts\FontAwesome5.cpp">
      <Filter>Source Files</Filter>
    </ClCompile>
    <ClCompile Include="src\extern\fonts\FontAwesome5Brands.cpp">
      <Filter>Source Files</Filter>
    </ClCompile>
    <ClCompile Include="src\extern\fonts\RobotoBold.cpp">
      <Filter>Source Files</Filter>
    </ClCompile>
    <ClCompile Include="src\extern\fonts\RobotoItalic.cpp">
      <Filter>Source Files</Filter>
    </ClCompile>
    <ClCompile Include="src\extern\fonts\RobotoMonoBold.cpp">
      <Filter>Source Files</Filter>
    </ClCompile>
    <ClCompile Include="src\extern\fonts\RobotoMonoItalic.cpp">
      <Filter>Source Files</Filter>
    </ClCompile>
    <ClCompile Include="src\extern\fonts\RobotoMonoRegular.cpp">
      <Filter>Source Files</Filter>
    </ClCompile>
    <ClCompile Include="src\extern\fonts\RobotoRegular.cpp">
      <Filter>Source Files</Filter>
    </ClCompile>
    <ClCompile Include="src\extern\implot\implot.cpp">
      <Filter>Source Files</Filter>
    </ClCompile>
    <ClCompile Include="src\extern\implot\implot_demo.cpp">
      <Filter>Source Files</Filter>
    </ClCompile>
    <ClCompile Include="src\extern\implot\implot_items.cpp">
      <Filter>Source Files</Filter>
    </ClCompile>
    <ClCompile Include="src\extern\imgui\imgui.cpp">
      <Filter>Source Files</Filter>
    </ClCompile>
    <ClCompile Include="src\extern\imgui\imgui_demo.cpp">
      <Filter>Source Files</Filter>
    </ClCompile>
    <ClCompile Include="src\extern\imgui\imgui_draw.cpp">
      <Filter>Source Files</Filter>
    </ClCompile>
    <ClCompile Include="src\extern\imgui\imgui_impl_glfw.cpp">
      <Filter>Source Files</Filter>
    </ClCompile>
    <ClCompile Include="src\extern\imgui\imgui_impl_opengl3.cpp">
      <Filter>Source Files</Filter>
    </ClCompile>
    <ClCompile Include="src\extern\imgui\imgui_tables.cpp">
      <Filter>Source Files</Filter>
    </ClCompile>
    <ClCompile Include="src\extern\imgui\imgui_widgets.cpp">
      <Filter>Source Files</Filter>
    </ClCompile>
    <ClCompile Include="src\gui\windows\scene_ctrl_window.cc">
      <Filter>Source Files</Filter>
    </ClCompile>
    <ClCompile Include="src\gui\windows\scene_view_window.cc">
      <Filter>Source Files</Filter>
    </ClCompile>
    <ClCompile Include="src\renderer\infinite_grid_renderer.cc">
      <Filter>Source Files</Filter>
    </ClCompile>
    <ClCompile Include="src\scene.cc">
      <Filter>Source Files</Filter>
    </ClCompile>
    <ClCompile Include="src\scene_renderer.cc">
      <Filter>Source Files</Filter>
    </ClCompile>
    <ClCompile Include="src\gl_context.cc">
      <Filter>Source Files</Filter>
    </ClCompile>
    <ClCompile Include="src\visualization\visualizer.cc">
      <Filter>Source Files</Filter>
    </ClCompile>
    <ClCompile Include="src\visualization\offscreen_renderer.cc">
      <Filter>Source Files</Filter>
    </ClCompile>
    <ClCompile Include="src\shader.cc">
      <Filter>Source Files</Filter>
    </ClCompile>
  </ItemGroup>
  <ItemGroup>
    <None Include="vcpkg.json" />
    <None Include="install_lib.bat">
      <Filter>Source Files</Filter>
    </None>
    <None Include=".gitignore" />
  </ItemGroup>
  <ItemGroup>
    <ClInclude Include="include\triengine\basic_types.hh">
      <Filter>Header Files</Filter>
    </ClInclude>
    <ClInclude Include="include\triengine\camera.hh">
      <Filter>Header Files</Filter>
    </ClInclude>
    <ClInclude Include="include\triengine\common.h">
      <Filter>Header Files</Filter>
    </ClInclude>
    <ClInclude Include="include\triengine\math.hh">
      <Filter>Header Files</Filter>
    </ClInclude>
    <ClInclude Include="include\triengine\visualizer_window.hh">
      <Filter>Header Files</Filter>
    </ClInclude>
    <ClInclude Include="include\triengine\texture.hh">
      <Filter>Header Files</Filter>
    </ClInclude>
    <ClInclude Include="include\triengine\shader.hh">
      <Filter>Header Files</Filter>
    </ClInclude>
    <ClInclude Include="include\triengine\shader\lighting_shaders.h">
      <Filter>Header Files</Filter>
    </ClInclude>
    <ClInclude Include="include\triengine\shader\lineset_shaders.h">
      <Filter>Header Files</Filter>
    </ClInclude>
    <ClInclude Include="include\triengine\shader\pcd_shaders.h">
      <Filter>Header Files</Filter>
    </ClInclude>
    <ClInclude Include="include\triengine\shader\triangle_mesh_shaders.h">
      <Filter>Header Files</Filter>
    </ClInclude>
    <ClInclude Include="include\triengine\shader\shader_version.h">
      <Filter>Header Files</Filter>
    </ClInclude>
    <ClInclude Include="src\extern\glad\glad.h">
      <Filter>Header Files</Filter>
    </ClInclude>
    <ClInclude Include="src\extern\glad\KHR\khrplatform.h">
      <Filter>Header Files</Filter>
    </ClInclude>
    <ClInclude Include="src\renderer\light_source_renderer.hh">
      <Filter>Header Files</Filter>
    </ClInclude>
    <ClInclude Include="src\renderer\lineset_renderer.hh">
      <Filter>Header Files</Filter>
    </ClInclude>
    <ClInclude Include="src\renderer\pcd_renderer.hh">
      <Filter>Header Files</Filter>
    </ClInclude>
    <ClInclude Include="src\renderer\renderer_base.hh">
      <Filter>Header Files</Filter>
    </ClInclude>
    <ClInclude Include="src\renderer\skeleton_renderer.hh">
      <Filter>Header Files</Filter>
    </ClInclude>
    <ClInclude Include="src\renderer\triangle_mesh_renderer.hh">
      <Filter>Header Files</Filter>
    </ClInclude>
    <ClInclude Include="src\basic_types.hh">
      <Filter>Header Files</Filter>
    </ClInclude>
    <ClInclude Include="src\camera.hh">
      <Filter>Header Files</Filter>
    </ClInclude>
    <ClInclude Include="src\common.h">
      <Filter>Header Files</Filter>
    </ClInclude>
    <ClInclude Include="src\math\math3d.hh">
      <Filter>Header Files</Filter>
    </ClInclude>
    <ClInclude Include="src\shader.hh">
      <Filter>Header Files</Filter>
    </ClInclude>
    <ClInclude Include="src\texture.hh">
      <Filter>Header Files</Filter>
    </ClInclude>
    <ClInclude Include="src\shader\lighting_shaders.h">
      <Filter>Header Files</Filter>
    </ClInclude>
    <ClInclude Include="src\shader\lineset_shaders.h">
      <Filter>Header Files</Filter>
    </ClInclude>
    <ClInclude Include="src\shader\pcd_shaders.h">
      <Filter>Header Files</Filter>
    </ClInclude>
    <ClInclude Include="src\shader\shader_version.h">
      <Filter>Header Files</Filter>
    </ClInclude>
    <ClInclude Include="src\extern\stb_image.h">
      <Filter>Header Files</Filter>
    </ClInclude>
    <ClInclude Include="src\lighting_options.hh">
      <Filter>Header Files</Filter>
    </ClInclude>
    <ClInclude Include="src\shader\triangle_mesh_shaders.h">
      <Filter>Header Files</Filter>
    </ClInclude>
    <ClInclude Include="src\geometry\geometry_object_basect_base.hh">
      <Filter>Header Files</Filter>
    </ClInclude>
    <ClInclude Include="src\geometry\light_source_object.hh">
      <Filter>Header Files</Filter>
    </ClInclude>
    <ClInclude Include="src\geometry\lineset_object.hh">
      <Filter>Header Files</Filter>
    </ClInclude>
    <ClInclude Include="src\geometry\pcd_object.hh">
      <Filter>Header Files</Filter>
    </ClInclude>
    <ClInclude Include="src\geometry\skeleton_object.hh">
      <Filter>Header Files</Filter>
    </ClInclude>
    <ClInclude Include="src\geometry\triangle_mesh_object.hh">
      <Filter>Header Files</Filter>
    </ClInclude>
    <ClInclude Include="src\misc\debug_utils.hh">
      <Filter>Header Files</Filter>
    </ClInclude>
    <ClInclude Include="src\misc\gl_utils.hh">
      <Filter>Header Files</Filter>
    </ClInclude>
    <ClInclude Include="src\misc\string_utils.hh">
      <Filter>Header Files</Filter>
    </ClInclude>
    <ClInclude Include="src\geometry\geometry_object_base.hh">
      <Filter>Header Files</Filter>
    </ClInclude>
    <ClInclude Include="src\extern\tiny_obj_loader.h">
      <Filter>Header Files</Filter>
    </ClInclude>
    <ClInclude Include="src\io\file_obj_loader.hh">
      <Filter>Header Files</Filter>
    </ClInclude>
    <ClInclude Include="src\shader\normal_vis_shaders.h">
      <Filter>Header Files</Filter>
    </ClInclude>
    <ClInclude Include="src\io\file_bvh_loader.hh">
      <Filter>Header Files</Filter>
    </ClInclude>
    <ClInclude Include="src\frame_buffer.hh">
      <Filter>Header Files</Filter>
    </ClInclude>
    <ClInclude Include="src\gui\windows\log_window.hh">
      <Filter>Header Files</Filter>
    </ClInclude>
    <ClInclude Include="src\gui\windows\render_stats_window.hh">
      <Filter>Header Files</Filter>
    </ClInclude>
    <ClInclude Include="src\gui\gui_manager.hh">
      <Filter>Header Files</Filter>
    </ClInclude>
    <ClInclude Include="src\gui\iwindow.hh">
      <Filter>Header Files</Filter>
    </ClInclude>
    <ClInclude Include="src\extern\fonts\Fonts.h">
      <Filter>Header Files</Filter>
    </ClInclude>
    <ClInclude Include="src\extern\fonts\IconsFontAwesome5.h">
      <Filter>Header Files</Filter>
    </ClInclude>
    <ClInclude Include="src\extern\fonts\IconsFontAwesome5Brands.h">
      <Filter>Header Files</Filter>
    </ClInclude>
    <ClInclude Include="src\gui\windows\scene_view_window.hh">
      <Filter>Header Files</Filter>
    </ClInclude>
    <ClInclude Include="src\extern\implot\implot.h">
      <Filter>Header Files</Filter>
    </ClInclude>
    <ClInclude Include="src\extern\implot\implot_internal.h">
      <Filter>Header Files</Filter>
    </ClInclude>
    <ClInclude Include="src\extern\imgui\imconfig.h">
      <Filter>Header Files</Filter>
    </ClInclude>
    <ClInclude Include="src\extern\imgui\imgui.h">
      <Filter>Header Files</Filter>
    </ClInclude>
    <ClInclude Include="src\extern\imgui\imgui_impl_glfw.h">
      <Filter>Header Files</Filter>
    </ClInclude>
    <ClInclude Include="src\extern\imgui\imgui_impl_opengl3.h">
      <Filter>Header Files</Filter>
    </ClInclude>
    <ClInclude Include="src\extern\imgui\imgui_impl_opengl3_loader.h">
      <Filter>Header Files</Filter>
    </ClInclude>
    <ClInclude Include="src\extern\imgui\imgui_internal.h">
      <Filter>Header Files</Filter>
    </ClInclude>
    <ClInclude Include="src\extern\imgui\imstb_rectpack.h">
      <Filter>Header Files</Filter>
    </ClInclude>
    <ClInclude Include="src\extern\imgui\imstb_textedit.h">
      <Filter>Header Files</Filter>
    </ClInclude>
    <ClInclude Include="src\extern\imgui\imstb_truetype.h">
      <Filter>Header Files</Filter>
    </ClInclude>
    <ClInclude Include="src\gui\windows\scene_ctrl_window.hh">
      <Filter>Header Files</Filter>
    </ClInclude>
    <ClInclude Include="src\shader\infinite_grid_shaders.h">
      <Filter>Header Files</Filter>
    </ClInclude>
    <ClInclude Include="src\renderer\infinite_grid_renderer.hh">
      <Filter>Header Files</Filter>
    </ClInclude>
    <ClInclude Include="src\render_target.hh">
      <Filter>Header Files</Filter>
    </ClInclude>
    <ClInclude Include="src\scene.hh">
      <Filter>Header Files</Filter>
    </ClInclude>
    <ClInclude Include="src\infinite_grid_options.hh">
      <Filter>Header Files</Filter>
    </ClInclude>
    <ClInclude Include="src\scene_renderer.hh">
      <Filter>Header Files</Filter>
    </ClInclude>
    <ClInclude Include="src\image.hh">
      <Filter>Header Files</Filter>
    </ClInclude>
    <ClInclude Include="src\gl_context.hh">
      <Filter>Header Files</Filter>
    </ClInclude>
    <ClInclude Include="src\visualization\visualizer.hh">
      <Filter>Header Files</Filter>
    </ClInclude>
    <ClInclude Include="src\visualization\offscreen_renderer.hh">
      <Filter>Header Files</Filter>
    </ClInclude>
    <ClInclude Include="src\math\constants.hh">
      <Filter>Header Files</Filter>
    </ClInclude>
    <ClInclude Include="src\math\glm_utils.hh">
      <Filter>Header Files</Filter>
    </ClInclude>
  </ItemGroup>
</Project>